// !$*UTF8*$!
{
	archiveVersion = 1;
	classes = {
	};
	objectVersion = 55;
	objects = {

/* Begin PBXBuildFile section */
		0472D71B2768F79D008ABFDE /* AppDelegate.swift in Sources */ = {isa = PBXBuildFile; fileRef = 0472D71A2768F79D008ABFDE /* AppDelegate.swift */; };
		0472D71D2768F79D008ABFDE /* SceneDelegate.swift in Sources */ = {isa = PBXBuildFile; fileRef = 0472D71C2768F79D008ABFDE /* SceneDelegate.swift */; };
		0472D71F2768F79D008ABFDE /* ViewController.swift in Sources */ = {isa = PBXBuildFile; fileRef = 0472D71E2768F79D008ABFDE /* ViewController.swift */; };
		0472D7222768F79D008ABFDE /* Main.storyboard in Resources */ = {isa = PBXBuildFile; fileRef = 0472D7202768F79D008ABFDE /* Main.storyboard */; };
		0472D7242768F79F008ABFDE /* Assets.xcassets in Resources */ = {isa = PBXBuildFile; fileRef = 0472D7232768F79F008ABFDE /* Assets.xcassets */; };
		0472D7272768F79F008ABFDE /* LaunchScreen.storyboard in Resources */ = {isa = PBXBuildFile; fileRef = 0472D7252768F79F008ABFDE /* LaunchScreen.storyboard */; };
		0472D7322768F79F008ABFDE /* Udder1Tests.swift in Sources */ = {isa = PBXBuildFile; fileRef = 0472D7312768F79F008ABFDE /* Udder1Tests.swift */; };
		0472D73C2768F79F008ABFDE /* Udder1UITests.swift in Sources */ = {isa = PBXBuildFile; fileRef = 0472D73B2768F79F008ABFDE /* Udder1UITests.swift */; };
		0472D73E2768F79F008ABFDE /* Udder1UITestsLaunchTests.swift in Sources */ = {isa = PBXBuildFile; fileRef = 0472D73D2768F79F008ABFDE /* Udder1UITestsLaunchTests.swift */; };
/* End PBXBuildFile section */

/* Begin PBXContainerItemProxy section */
		0472D72E2768F79F008ABFDE /* PBXContainerItemProxy */ = {
			isa = PBXContainerItemProxy;
			containerPortal = 0472D70F2768F79C008ABFDE /* Project object */;
			proxyType = 1;
			remoteGlobalIDString = 0472D7162768F79D008ABFDE;
			remoteInfo = Udder1;
		};
		0472D7382768F79F008ABFDE /* PBXContainerItemProxy */ = {
			isa = PBXContainerItemProxy;
			containerPortal = 0472D70F2768F79C008ABFDE /* Project object */;
			proxyType = 1;
			remoteGlobalIDString = 0472D7162768F79D008ABFDE;
			remoteInfo = Udder1;
		};
/* End PBXContainerItemProxy section */

/* Begin PBXFileReference section */
		0472D7172768F79D008ABFDE /* Udder1.app */ = {isa = PBXFileReference; explicitFileType = wrapper.application; includeInIndex = 0; path = Udder1.app; sourceTree = BUILT_PRODUCTS_DIR; };
		0472D71A2768F79D008ABFDE /* AppDelegate.swift */ = {isa = PBXFileReference; lastKnownFileType = sourcecode.swift; path = AppDelegate.swift; sourceTree = "<group>"; };
		0472D71C2768F79D008ABFDE /* SceneDelegate.swift */ = {isa = PBXFileReference; lastKnownFileType = sourcecode.swift; path = SceneDelegate.swift; sourceTree = "<group>"; };
		0472D71E2768F79D008ABFDE /* ViewController.swift */ = {isa = PBXFileReference; lastKnownFileType = sourcecode.swift; path = ViewController.swift; sourceTree = "<group>"; };
		0472D7212768F79D008ABFDE /* Base */ = {isa = PBXFileReference; lastKnownFileType = file.storyboard; name = Base; path = Base.lproj/Main.storyboard; sourceTree = "<group>"; };
		0472D7232768F79F008ABFDE /* Assets.xcassets */ = {isa = PBXFileReference; lastKnownFileType = folder.assetcatalog; path = Assets.xcassets; sourceTree = "<group>"; };
		0472D7262768F79F008ABFDE /* Base */ = {isa = PBXFileReference; lastKnownFileType = file.storyboard; name = Base; path = Base.lproj/LaunchScreen.storyboard; sourceTree = "<group>"; };
		0472D7282768F79F008ABFDE /* Info.plist */ = {isa = PBXFileReference; lastKnownFileType = text.plist.xml; path = Info.plist; sourceTree = "<group>"; };
		0472D72D2768F79F008ABFDE /* Udder1Tests.xctest */ = {isa = PBXFileReference; explicitFileType = wrapper.cfbundle; includeInIndex = 0; path = Udder1Tests.xctest; sourceTree = BUILT_PRODUCTS_DIR; };
		0472D7312768F79F008ABFDE /* Udder1Tests.swift */ = {isa = PBXFileReference; lastKnownFileType = sourcecode.swift; path = Udder1Tests.swift; sourceTree = "<group>"; };
		0472D7372768F79F008ABFDE /* Udder1UITests.xctest */ = {isa = PBXFileReference; explicitFileType = wrapper.cfbundle; includeInIndex = 0; path = Udder1UITests.xctest; sourceTree = BUILT_PRODUCTS_DIR; };
		0472D73B2768F79F008ABFDE /* Udder1UITests.swift */ = {isa = PBXFileReference; lastKnownFileType = sourcecode.swift; path = Udder1UITests.swift; sourceTree = "<group>"; };
		0472D73D2768F79F008ABFDE /* Udder1UITestsLaunchTests.swift */ = {isa = PBXFileReference; lastKnownFileType = sourcecode.swift; path = Udder1UITestsLaunchTests.swift; sourceTree = "<group>"; };
/* End PBXFileReference section */

/* Begin PBXFrameworksBuildPhase section */
		0472D7142768F79D008ABFDE /* Frameworks */ = {
			isa = PBXFrameworksBuildPhase;
			buildActionMask = 2147483647;
			files = (
			);
			runOnlyForDeploymentPostprocessing = 0;
		};
		0472D72A2768F79F008ABFDE /* Frameworks */ = {
			isa = PBXFrameworksBuildPhase;
			buildActionMask = 2147483647;
			files = (
			);
			runOnlyForDeploymentPostprocessing = 0;
		};
		0472D7342768F79F008ABFDE /* Frameworks */ = {
			isa = PBXFrameworksBuildPhase;
			buildActionMask = 2147483647;
			files = (
			);
			runOnlyForDeploymentPostprocessing = 0;
		};
/* End PBXFrameworksBuildPhase section */

/* Begin PBXGroup section */
		0472D70E2768F79C008ABFDE = {
			isa = PBXGroup;
			children = (
				0472D7192768F79D008ABFDE /* Udder1 */,
				0472D7302768F79F008ABFDE /* Udder1Tests */,
				0472D73A2768F79F008ABFDE /* Udder1UITests */,
				0472D7182768F79D008ABFDE /* Products */,
			);
			sourceTree = "<group>";
		};
		0472D7182768F79D008ABFDE /* Products */ = {
			isa = PBXGroup;
			children = (
				0472D7172768F79D008ABFDE /* Udder1.app */,
				0472D72D2768F79F008ABFDE /* Udder1Tests.xctest */,
				0472D7372768F79F008ABFDE /* Udder1UITests.xctest */,
			);
			name = Products;
			sourceTree = "<group>";
		};
		0472D7192768F79D008ABFDE /* Udder1 */ = {
			isa = PBXGroup;
			children = (
				0472D71A2768F79D008ABFDE /* AppDelegate.swift */,
				0472D71C2768F79D008ABFDE /* SceneDelegate.swift */,
				0472D71E2768F79D008ABFDE /* ViewController.swift */,
				0472D7202768F79D008ABFDE /* Main.storyboard */,
				0472D7232768F79F008ABFDE /* Assets.xcassets */,
				0472D7252768F79F008ABFDE /* LaunchScreen.storyboard */,
				0472D7282768F79F008ABFDE /* Info.plist */,
			);
			path = Udder1;
			sourceTree = "<group>";
		};
		0472D7302768F79F008ABFDE /* Udder1Tests */ = {
			isa = PBXGroup;
			children = (
				0472D7312768F79F008ABFDE /* Udder1Tests.swift */,
			);
			path = Udder1Tests;
			sourceTree = "<group>";
		};
		0472D73A2768F79F008ABFDE /* Udder1UITests */ = {
			isa = PBXGroup;
			children = (
				0472D73B2768F79F008ABFDE /* Udder1UITests.swift */,
				0472D73D2768F79F008ABFDE /* Udder1UITestsLaunchTests.swift */,
			);
			path = Udder1UITests;
			sourceTree = "<group>";
		};
/* End PBXGroup section */

/* Begin PBXNativeTarget section */
		0472D7162768F79D008ABFDE /* Udder1 */ = {
			isa = PBXNativeTarget;
			buildConfigurationList = 0472D7412768F79F008ABFDE /* Build configuration list for PBXNativeTarget "Udder1" */;
			buildPhases = (
				0472D7132768F79D008ABFDE /* Sources */,
				0472D7142768F79D008ABFDE /* Frameworks */,
				0472D7152768F79D008ABFDE /* Resources */,
			);
			buildRules = (
			);
			dependencies = (
			);
			name = Udder1;
			productName = Udder1;
			productReference = 0472D7172768F79D008ABFDE /* Udder1.app */;
			productType = "com.apple.product-type.application";
		};
		0472D72C2768F79F008ABFDE /* Udder1Tests */ = {
			isa = PBXNativeTarget;
			buildConfigurationList = 0472D7442768F79F008ABFDE /* Build configuration list for PBXNativeTarget "Udder1Tests" */;
			buildPhases = (
				0472D7292768F79F008ABFDE /* Sources */,
				0472D72A2768F79F008ABFDE /* Frameworks */,
				0472D72B2768F79F008ABFDE /* Resources */,
			);
			buildRules = (
			);
			dependencies = (
				0472D72F2768F79F008ABFDE /* PBXTargetDependency */,
			);
			name = Udder1Tests;
			productName = Udder1Tests;
			productReference = 0472D72D2768F79F008ABFDE /* Udder1Tests.xctest */;
			productType = "com.apple.product-type.bundle.unit-test";
		};
		0472D7362768F79F008ABFDE /* Udder1UITests */ = {
			isa = PBXNativeTarget;
			buildConfigurationList = 0472D7472768F79F008ABFDE /* Build configuration list for PBXNativeTarget "Udder1UITests" */;
			buildPhases = (
				0472D7332768F79F008ABFDE /* Sources */,
				0472D7342768F79F008ABFDE /* Frameworks */,
				0472D7352768F79F008ABFDE /* Resources */,
			);
			buildRules = (
			);
			dependencies = (
				0472D7392768F79F008ABFDE /* PBXTargetDependency */,
			);
			name = Udder1UITests;
			productName = Udder1UITests;
			productReference = 0472D7372768F79F008ABFDE /* Udder1UITests.xctest */;
			productType = "com.apple.product-type.bundle.ui-testing";
		};
/* End PBXNativeTarget section */

/* Begin PBXProject section */
		0472D70F2768F79C008ABFDE /* Project object */ = {
			isa = PBXProject;
			attributes = {
				BuildIndependentTargetsInParallel = 1;
				LastSwiftUpdateCheck = 1310;
				LastUpgradeCheck = 1310;
				TargetAttributes = {
					0472D7162768F79D008ABFDE = {
						CreatedOnToolsVersion = 13.1;
					};
					0472D72C2768F79F008ABFDE = {
						CreatedOnToolsVersion = 13.1;
						TestTargetID = 0472D7162768F79D008ABFDE;
					};
					0472D7362768F79F008ABFDE = {
						CreatedOnToolsVersion = 13.1;
						TestTargetID = 0472D7162768F79D008ABFDE;
					};
				};
			};
			buildConfigurationList = 0472D7122768F79C008ABFDE /* Build configuration list for PBXProject "Udder1" */;
			compatibilityVersion = "Xcode 13.0";
			developmentRegion = en;
			hasScannedForEncodings = 0;
			knownRegions = (
				en,
				Base,
			);
			mainGroup = 0472D70E2768F79C008ABFDE;
			productRefGroup = 0472D7182768F79D008ABFDE /* Products */;
			projectDirPath = "";
			projectRoot = "";
			targets = (
				0472D7162768F79D008ABFDE /* Udder1 */,
				0472D72C2768F79F008ABFDE /* Udder1Tests */,
				0472D7362768F79F008ABFDE /* Udder1UITests */,
			);
		};
/* End PBXProject section */

/* Begin PBXResourcesBuildPhase section */
		0472D7152768F79D008ABFDE /* Resources */ = {
			isa = PBXResourcesBuildPhase;
			buildActionMask = 2147483647;
			files = (
				0472D7272768F79F008ABFDE /* LaunchScreen.storyboard in Resources */,
				0472D7242768F79F008ABFDE /* Assets.xcassets in Resources */,
				0472D7222768F79D008ABFDE /* Main.storyboard in Resources */,
			);
			runOnlyForDeploymentPostprocessing = 0;
		};
		0472D72B2768F79F008ABFDE /* Resources */ = {
			isa = PBXResourcesBuildPhase;
			buildActionMask = 2147483647;
			files = (
			);
			runOnlyForDeploymentPostprocessing = 0;
		};
		0472D7352768F79F008ABFDE /* Resources */ = {
			isa = PBXResourcesBuildPhase;
			buildActionMask = 2147483647;
			files = (
			);
			runOnlyForDeploymentPostprocessing = 0;
		};
/* End PBXResourcesBuildPhase section */

/* Begin PBXSourcesBuildPhase section */
		0472D7132768F79D008ABFDE /* Sources */ = {
			isa = PBXSourcesBuildPhase;
			buildActionMask = 2147483647;
			files = (
				0472D71F2768F79D008ABFDE /* ViewController.swift in Sources */,
				0472D71B2768F79D008ABFDE /* AppDelegate.swift in Sources */,
				0472D71D2768F79D008ABFDE /* SceneDelegate.swift in Sources */,
			);
			runOnlyForDeploymentPostprocessing = 0;
		};
		0472D7292768F79F008ABFDE /* Sources */ = {
			isa = PBXSourcesBuildPhase;
			buildActionMask = 2147483647;
			files = (
				0472D7322768F79F008ABFDE /* Udder1Tests.swift in Sources */,
			);
			runOnlyForDeploymentPostprocessing = 0;
		};
		0472D7332768F79F008ABFDE /* Sources */ = {
			isa = PBXSourcesBuildPhase;
			buildActionMask = 2147483647;
			files = (
				0472D73C2768F79F008ABFDE /* Udder1UITests.swift in Sources */,
				0472D73E2768F79F008ABFDE /* Udder1UITestsLaunchTests.swift in Sources */,
			);
			runOnlyForDeploymentPostprocessing = 0;
		};
/* End PBXSourcesBuildPhase section */

/* Begin PBXTargetDependency section */
		0472D72F2768F79F008ABFDE /* PBXTargetDependency */ = {
			isa = PBXTargetDependency;
			target = 0472D7162768F79D008ABFDE /* Udder1 */;
			targetProxy = 0472D72E2768F79F008ABFDE /* PBXContainerItemProxy */;
		};
		0472D7392768F79F008ABFDE /* PBXTargetDependency */ = {
			isa = PBXTargetDependency;
			target = 0472D7162768F79D008ABFDE /* Udder1 */;
			targetProxy = 0472D7382768F79F008ABFDE /* PBXContainerItemProxy */;
		};
/* End PBXTargetDependency section */

/* Begin PBXVariantGroup section */
		0472D7202768F79D008ABFDE /* Main.storyboard */ = {
			isa = PBXVariantGroup;
			children = (
				0472D7212768F79D008ABFDE /* Base */,
			);
			name = Main.storyboard;
			sourceTree = "<group>";
		};
		0472D7252768F79F008ABFDE /* LaunchScreen.storyboard */ = {
			isa = PBXVariantGroup;
			children = (
				0472D7262768F79F008ABFDE /* Base */,
			);
			name = LaunchScreen.storyboard;
			sourceTree = "<group>";
		};
/* End PBXVariantGroup section */

/* Begin XCBuildConfiguration section */
		0472D73F2768F79F008ABFDE /* Debug */ = {
			isa = XCBuildConfiguration;
			buildSettings = {
				ALWAYS_SEARCH_USER_PATHS = NO;
				CLANG_ANALYZER_NONNULL = YES;
				CLANG_ANALYZER_NUMBER_OBJECT_CONVERSION = YES_AGGRESSIVE;
				CLANG_CXX_LANGUAGE_STANDARD = "gnu++17";
				CLANG_CXX_LIBRARY = "libc++";
				CLANG_ENABLE_MODULES = YES;
				CLANG_ENABLE_OBJC_ARC = YES;
				CLANG_ENABLE_OBJC_WEAK = YES;
				CLANG_WARN_BLOCK_CAPTURE_AUTORELEASING = YES;
				CLANG_WARN_BOOL_CONVERSION = YES;
				CLANG_WARN_COMMA = YES;
				CLANG_WARN_CONSTANT_CONVERSION = YES;
				CLANG_WARN_DEPRECATED_OBJC_IMPLEMENTATIONS = YES;
				CLANG_WARN_DIRECT_OBJC_ISA_USAGE = YES_ERROR;
				CLANG_WARN_DOCUMENTATION_COMMENTS = YES;
				CLANG_WARN_EMPTY_BODY = YES;
				CLANG_WARN_ENUM_CONVERSION = YES;
				CLANG_WARN_INFINITE_RECURSION = YES;
				CLANG_WARN_INT_CONVERSION = YES;
				CLANG_WARN_NON_LITERAL_NULL_CONVERSION = YES;
				CLANG_WARN_OBJC_IMPLICIT_RETAIN_SELF = YES;
				CLANG_WARN_OBJC_LITERAL_CONVERSION = YES;
				CLANG_WARN_OBJC_ROOT_CLASS = YES_ERROR;
				CLANG_WARN_QUOTED_INCLUDE_IN_FRAMEWORK_HEADER = YES;
				CLANG_WARN_RANGE_LOOP_ANALYSIS = YES;
				CLANG_WARN_STRICT_PROTOTYPES = YES;
				CLANG_WARN_SUSPICIOUS_MOVE = YES;
				CLANG_WARN_UNGUARDED_AVAILABILITY = YES_AGGRESSIVE;
				CLANG_WARN_UNREACHABLE_CODE = YES;
				CLANG_WARN__DUPLICATE_METHOD_MATCH = YES;
				COPY_PHASE_STRIP = NO;
				DEBUG_INFORMATION_FORMAT = dwarf;
				ENABLE_STRICT_OBJC_MSGSEND = YES;
				ENABLE_TESTABILITY = YES;
				GCC_C_LANGUAGE_STANDARD = gnu11;
				GCC_DYNAMIC_NO_PIC = NO;
				GCC_NO_COMMON_BLOCKS = YES;
				GCC_OPTIMIZATION_LEVEL = 0;
				GCC_PREPROCESSOR_DEFINITIONS = (
					"DEBUG=1",
					"$(inherited)",
				);
				GCC_WARN_64_TO_32_BIT_CONVERSION = YES;
				GCC_WARN_ABOUT_RETURN_TYPE = YES_ERROR;
				GCC_WARN_UNDECLARED_SELECTOR = YES;
				GCC_WARN_UNINITIALIZED_AUTOS = YES_AGGRESSIVE;
				GCC_WARN_UNUSED_FUNCTION = YES;
				GCC_WARN_UNUSED_VARIABLE = YES;
				IPHONEOS_DEPLOYMENT_TARGET = 15.0;
				MTL_ENABLE_DEBUG_INFO = INCLUDE_SOURCE;
				MTL_FAST_MATH = YES;
				ONLY_ACTIVE_ARCH = YES;
				SDKROOT = iphoneos;
				SWIFT_ACTIVE_COMPILATION_CONDITIONS = DEBUG;
				SWIFT_OPTIMIZATION_LEVEL = "-Onone";
			};
			name = Debug;
		};
		0472D7402768F79F008ABFDE /* Release */ = {
			isa = XCBuildConfiguration;
			buildSettings = {
				ALWAYS_SEARCH_USER_PATHS = NO;
				CLANG_ANALYZER_NONNULL = YES;
				CLANG_ANALYZER_NUMBER_OBJECT_CONVERSION = YES_AGGRESSIVE;
				CLANG_CXX_LANGUAGE_STANDARD = "gnu++17";
				CLANG_CXX_LIBRARY = "libc++";
				CLANG_ENABLE_MODULES = YES;
				CLANG_ENABLE_OBJC_ARC = YES;
				CLANG_ENABLE_OBJC_WEAK = YES;
				CLANG_WARN_BLOCK_CAPTURE_AUTORELEASING = YES;
				CLANG_WARN_BOOL_CONVERSION = YES;
				CLANG_WARN_COMMA = YES;
				CLANG_WARN_CONSTANT_CONVERSION = YES;
				CLANG_WARN_DEPRECATED_OBJC_IMPLEMENTATIONS = YES;
				CLANG_WARN_DIRECT_OBJC_ISA_USAGE = YES_ERROR;
				CLANG_WARN_DOCUMENTATION_COMMENTS = YES;
				CLANG_WARN_EMPTY_BODY = YES;
				CLANG_WARN_ENUM_CONVERSION = YES;
				CLANG_WARN_INFINITE_RECURSION = YES;
				CLANG_WARN_INT_CONVERSION = YES;
				CLANG_WARN_NON_LITERAL_NULL_CONVERSION = YES;
				CLANG_WARN_OBJC_IMPLICIT_RETAIN_SELF = YES;
				CLANG_WARN_OBJC_LITERAL_CONVERSION = YES;
				CLANG_WARN_OBJC_ROOT_CLASS = YES_ERROR;
				CLANG_WARN_QUOTED_INCLUDE_IN_FRAMEWORK_HEADER = YES;
				CLANG_WARN_RANGE_LOOP_ANALYSIS = YES;
				CLANG_WARN_STRICT_PROTOTYPES = YES;
				CLANG_WARN_SUSPICIOUS_MOVE = YES;
				CLANG_WARN_UNGUARDED_AVAILABILITY = YES_AGGRESSIVE;
				CLANG_WARN_UNREACHABLE_CODE = YES;
				CLANG_WARN__DUPLICATE_METHOD_MATCH = YES;
				COPY_PHASE_STRIP = NO;
				DEBUG_INFORMATION_FORMAT = "dwarf-with-dsym";
				ENABLE_NS_ASSERTIONS = NO;
				ENABLE_STRICT_OBJC_MSGSEND = YES;
				GCC_C_LANGUAGE_STANDARD = gnu11;
				GCC_NO_COMMON_BLOCKS = YES;
				GCC_WARN_64_TO_32_BIT_CONVERSION = YES;
				GCC_WARN_ABOUT_RETURN_TYPE = YES_ERROR;
				GCC_WARN_UNDECLARED_SELECTOR = YES;
				GCC_WARN_UNINITIALIZED_AUTOS = YES_AGGRESSIVE;
				GCC_WARN_UNUSED_FUNCTION = YES;
				GCC_WARN_UNUSED_VARIABLE = YES;
				IPHONEOS_DEPLOYMENT_TARGET = 15.0;
				MTL_ENABLE_DEBUG_INFO = NO;
				MTL_FAST_MATH = YES;
				SDKROOT = iphoneos;
				SWIFT_COMPILATION_MODE = wholemodule;
				SWIFT_OPTIMIZATION_LEVEL = "-O";
				VALIDATE_PRODUCT = YES;
			};
			name = Release;
		};
		0472D7422768F79F008ABFDE /* Debug */ = {
			isa = XCBuildConfiguration;
			buildSettings = {
				ASSETCATALOG_COMPILER_APPICON_NAME = AppIcon;
				ASSETCATALOG_COMPILER_GLOBAL_ACCENT_COLOR_NAME = AccentColor;
				CODE_SIGN_STYLE = Automatic;
				CURRENT_PROJECT_VERSION = 1;
				GENERATE_INFOPLIST_FILE = YES;
				INFOPLIST_FILE = Udder1/Info.plist;
				INFOPLIST_KEY_UIApplicationSupportsIndirectInputEvents = YES;
				INFOPLIST_KEY_UILaunchStoryboardName = LaunchScreen;
				INFOPLIST_KEY_UIMainStoryboardFile = Main;
				INFOPLIST_KEY_UISupportedInterfaceOrientations_iPad = "UIInterfaceOrientationPortrait UIInterfaceOrientationPortraitUpsideDown UIInterfaceOrientationLandscapeLeft UIInterfaceOrientationLandscapeRight";
				INFOPLIST_KEY_UISupportedInterfaceOrientations_iPhone = "UIInterfaceOrientationPortrait UIInterfaceOrientationLandscapeLeft UIInterfaceOrientationLandscapeRight";
				LD_RUNPATH_SEARCH_PATHS = (
					"$(inherited)",
					"@executable_path/Frameworks",
				);
				MARKETING_VERSION = 1.0;
				PRODUCT_BUNDLE_IDENTIFIER = com.AngelaCard.Udder1;
				PRODUCT_NAME = "$(TARGET_NAME)";
				SWIFT_EMIT_LOC_STRINGS = YES;
				SWIFT_VERSION = 5.0;
				TARGETED_DEVICE_FAMILY = "1,2";
			};
			name = Debug;
		};
		0472D7432768F79F008ABFDE /* Release */ = {
			isa = XCBuildConfiguration;
			buildSettings = {
				ASSETCATALOG_COMPILER_APPICON_NAME = AppIcon;
				ASSETCATALOG_COMPILER_GLOBAL_ACCENT_COLOR_NAME = AccentColor;
				CODE_SIGN_STYLE = Automatic;
				CURRENT_PROJECT_VERSION = 1;
				GENERATE_INFOPLIST_FILE = YES;
				INFOPLIST_FILE = Udder1/Info.plist;
				INFOPLIST_KEY_UIApplicationSupportsIndirectInputEvents = YES;
				INFOPLIST_KEY_UILaunchStoryboardName = LaunchScreen;
				INFOPLIST_KEY_UIMainStoryboardFile = Main;
				INFOPLIST_KEY_UISupportedInterfaceOrientations_iPad = "UIInterfaceOrientationPortrait UIInterfaceOrientationPortraitUpsideDown UIInterfaceOrientationLandscapeLeft UIInterfaceOrientationLandscapeRight";
				INFOPLIST_KEY_UISupportedInterfaceOrientations_iPhone = "UIInterfaceOrientationPortrait UIInterfaceOrientationLandscapeLeft UIInterfaceOrientationLandscapeRight";
				LD_RUNPATH_SEARCH_PATHS = (
					"$(inherited)",
					"@executable_path/Frameworks",
				);
				MARKETING_VERSION = 1.0;
				PRODUCT_BUNDLE_IDENTIFIER = com.AngelaCard.Udder1;
				PRODUCT_NAME = "$(TARGET_NAME)";
				SWIFT_EMIT_LOC_STRINGS = YES;
				SWIFT_VERSION = 5.0;
				TARGETED_DEVICE_FAMILY = "1,2";
			};
			name = Release;
		};
		0472D7452768F79F008ABFDE /* Debug */ = {
			isa = XCBuildConfiguration;
			buildSettings = {
				ALWAYS_EMBED_SWIFT_STANDARD_LIBRARIES = YES;
				BUNDLE_LOADER = "$(TEST_HOST)";
				CODE_SIGN_STYLE = Automatic;
				CURRENT_PROJECT_VERSION = 1;
				GENERATE_INFOPLIST_FILE = YES;
				IPHONEOS_DEPLOYMENT_TARGET = 15.0;
				LD_RUNPATH_SEARCH_PATHS = (
					"$(inherited)",
					"@executable_path/Frameworks",
					"@loader_path/Frameworks",
				);
				MARKETING_VERSION = 1.0;
				PRODUCT_BUNDLE_IDENTIFIER = com.AngelaCard.Udder1Tests;
				PRODUCT_NAME = "$(TARGET_NAME)";
				SWIFT_EMIT_LOC_STRINGS = NO;
				SWIFT_VERSION = 5.0;
				TARGETED_DEVICE_FAMILY = "1,2";
				TEST_HOST = "$(BUILT_PRODUCTS_DIR)/Udder1.app/Udder1";
			};
			name = Debug;
		};
		0472D7462768F79F008ABFDE /* Release */ = {
			isa = XCBuildConfiguration;
			buildSettings = {
				ALWAYS_EMBED_SWIFT_STANDARD_LIBRARIES = YES;
				BUNDLE_LOADER = "$(TEST_HOST)";
				CODE_SIGN_STYLE = Automatic;
				CURRENT_PROJECT_VERSION = 1;
				GENERATE_INFOPLIST_FILE = YES;
				IPHONEOS_DEPLOYMENT_TARGET = 15.0;
				LD_RUNPATH_SEARCH_PATHS = (
					"$(inherited)",
					"@executable_path/Frameworks",
					"@loader_path/Frameworks",
				);
				MARKETING_VERSION = 1.0;
				PRODUCT_BUNDLE_IDENTIFIER = com.AngelaCard.Udder1Tests;
				PRODUCT_NAME = "$(TARGET_NAME)";
				SWIFT_EMIT_LOC_STRINGS = NO;
				SWIFT_VERSION = 5.0;
				TARGETED_DEVICE_FAMILY = "1,2";
				TEST_HOST = "$(BUILT_PRODUCTS_DIR)/Udder1.app/Udder1";
			};
			name = Release;
		};
		0472D7482768F79F008ABFDE /* Debug */ = {
			isa = XCBuildConfiguration;
			buildSettings = {
				ALWAYS_EMBED_SWIFT_STANDARD_LIBRARIES = YES;
				CODE_SIGN_STYLE = Automatic;
				CURRENT_PROJECT_VERSION = 1;
				GENERATE_INFOPLIST_FILE = YES;
				LD_RUNPATH_SEARCH_PATHS = (
					"$(inherited)",
					"@executable_path/Frameworks",
					"@loader_path/Frameworks",
				);
				MARKETING_VERSION = 1.0;
				PRODUCT_BUNDLE_IDENTIFIER = com.AngelaCard.Udder1UITests;
				PRODUCT_NAME = "$(TARGET_NAME)";
				SWIFT_EMIT_LOC_STRINGS = NO;
				SWIFT_VERSION = 5.0;
				TARGETED_DEVICE_FAMILY = "1,2";
				TEST_TARGET_NAME = Udder1;
			};
			name = Debug;
		};
		0472D7492768F79F008ABFDE /* Release */ = {
			isa = XCBuildConfiguration;
			buildSettings = {
				ALWAYS_EMBED_SWIFT_STANDARD_LIBRARIES = YES;
				CODE_SIGN_STYLE = Automatic;
				CURRENT_PROJECT_VERSION = 1;
				GENERATE_INFOPLIST_FILE = YES;
				LD_RUNPATH_SEARCH_PATHS = (
					"$(inherited)",
					"@executable_path/Frameworks",
					"@loader_path/Frameworks",
				);
				MARKETING_VERSION = 1.0;
				PRODUCT_BUNDLE_IDENTIFIER = com.AngelaCard.Udder1UITests;
				PRODUCT_NAME = "$(TARGET_NAME)";
				SWIFT_EMIT_LOC_STRINGS = NO;
				SWIFT_VERSION = 5.0;
				TARGETED_DEVICE_FAMILY = "1,2";
				TEST_TARGET_NAME = Udder1;
			};
			name = Release;
		};
/* End XCBuildConfiguration section */

/* Begin XCConfigurationList section */
		0472D7122768F79C008ABFDE /* Build configuration list for PBXProject "Udder1" */ = {
			isa = XCConfigurationList;
			buildConfigurations = (
				0472D73F2768F79F008ABFDE /* Debug */,
				0472D7402768F79F008ABFDE /* Release */,
			);
			defaultConfigurationIsVisible = 0;
			defaultConfigurationName = Release;
		};
		0472D7412768F79F008ABFDE /* Build configuration list for PBXNativeTarget "Udder1" */ = {
			isa = XCConfigurationList;
			buildConfigurations = (
				0472D7422768F79F008ABFDE /* Debug */,
				0472D7432768F79F008ABFDE /* Release */,
			);
			defaultConfigurationIsVisible = 0;
			defaultConfigurationName = Release;
		};
		0472D7442768F79F008ABFDE /* Build configuration list for PBXNativeTarget "Udder1Tests" */ = {
			isa = XCConfigurationList;
			buildConfigurations = (
				0472D7452768F79F008ABFDE /* Debug */,
				0472D7462768F79F008ABFDE /* Release */,
			);
			defaultConfigurationIsVisible = 0;
			defaultConfigurationName = Release;
		};
		0472D7472768F79F008ABFDE /* Build configuration list for PBXNativeTarget "Udder1UITests" */ = {
			isa = XCConfigurationList;
			buildConfigurations = (
				0472D7482768F79F008ABFDE /* Debug */,
				0472D7492768F79F008ABFDE /* Release */,
			);
			defaultConfigurationIsVisible = 0;
			defaultConfigurationName = Release;
		};
/* End XCConfigurationList section */
	};
	rootObject = 0472D70F2768F79C008ABFDE /* Project object */;
}
